
Microsoft Visual Studio Solution File, Format Version 12.00
# Visual Studio Version 17
VisualStudioVersion = 17.2.32616.157
MinimumVisualStudioVersion = 10.0.40219.1
Project("{FAE04EC0-301F-11D3-BF4B-00C04F79EFBC}") = "visualizer", "visualizer\visualizer.csproj", "{51F6E048-1779-455E-BE22-5B84CF105281}"
EndProject
Global
	GlobalSection(SolutionConfigurationPlatforms) = preSolution
		Debug|Any CPU = Debug|Any CPU
		Release|Any CPU = Release|Any CPU
	EndGlobalSection
	GlobalSection(ProjectConfigurationPlatforms) = postSolution
		{51F6E048-1779-455E-BE22-5B84CF105281}.Debug|Any CPU.ActiveCfg = Debug|Any CPU
		{51F6E048-1779-455E-BE22-5B84CF105281}.Debug|Any CPU.Build.0 = Debug|Any CPU
		{51F6E048-1779-455E-BE22-5B84CF105281}.Release|Any CPU.ActiveCfg = Release|Any CPU
		{51F6E048-1779-455E-BE22-5B84CF105281}.Release|Any CPU.Build.0 = Release|Any CPU
	EndGlobalSection
	GlobalSection(SolutionProperties) = preSolution
		HideSolutionNode = FALSE
	EndGlobalSection
	GlobalSection(ExtensibilityGlobals) = postSolution
		SolutionGuid = {82D44D52-66D8-447C-8720-F23A8DA91456}
	EndGlobalSection
EndGlobal
