
Microsoft Visual Studio Solution File, Format Version 12.00
# Visual Studio Version 17
VisualStudioVersion = 17.2.32616.157
MinimumVisualStudioVersion = 10.0.40219.1
Project("{FAE04EC0-301F-11D3-BF4B-00C04F79EFBC}") = "GitVisualizer", "GitVisualizer\GitVisualizer.csproj", "{629595F7-9103-473A-BD51-7C9F7BBB081B}"
EndProject
Global
	GlobalSection(SolutionConfigurationPlatforms) = preSolution
		Debug|Any CPU = Debug|Any CPU
		Release|Any CPU = Release|Any CPU
	EndGlobalSection
	GlobalSection(ProjectConfigurationPlatforms) = postSolution
		{629595F7-9103-473A-BD51-7C9F7BBB081B}.Debug|Any CPU.ActiveCfg = Debug|Any CPU
		{629595F7-9103-473A-BD51-7C9F7BBB081B}.Debug|Any CPU.Build.0 = Debug|Any CPU
		{629595F7-9103-473A-BD51-7C9F7BBB081B}.Release|Any CPU.ActiveCfg = Release|Any CPU
		{629595F7-9103-473A-BD51-7C9F7BBB081B}.Release|Any CPU.Build.0 = Release|Any CPU
	EndGlobalSection
	GlobalSection(SolutionProperties) = preSolution
		HideSolutionNode = FALSE
	EndGlobalSection
	GlobalSection(ExtensibilityGlobals) = postSolution
		SolutionGuid = {8BEC42EF-8C39-41A0-B617-8B38BF9EB11D}
	EndGlobalSection
EndGlobal
